// !$*UTF8*$!
{
	archiveVersion = 1;
	classes = {
	};
	objectVersion = 51;
	objects = {

/* Begin PBXBuildFile section */
		A97569D626346B0A004867B2 /* HomeViewController.swift in Sources */ = {isa = PBXBuildFile; fileRef = A97569D526346B0A004867B2 /* HomeViewController.swift */; };
		A97569EA2634D04B004867B2 /* AuthorInfoCell.swift in Sources */ = {isa = PBXBuildFile; fileRef = A97569E42634D04A004867B2 /* AuthorInfoCell.swift */; };
		A97569EB2634D04B004867B2 /* ChartCell.swift in Sources */ = {isa = PBXBuildFile; fileRef = A97569E52634D04A004867B2 /* ChartCell.swift */; };
		A97569EC2634D04B004867B2 /* RegionDataCell.swift in Sources */ = {isa = PBXBuildFile; fileRef = A97569E62634D04A004867B2 /* RegionDataCell.swift */; };
		A97569ED2634D04B004867B2 /* StatsCell.swift in Sources */ = {isa = PBXBuildFile; fileRef = A97569E72634D04B004867B2 /* StatsCell.swift */; };
		A97569EE2634D04B004867B2 /* DataSourceCell.swift in Sources */ = {isa = PBXBuildFile; fileRef = A97569E82634D04B004867B2 /* DataSourceCell.swift */; };
		A97569EF2634D04B004867B2 /* UpdateTimeCell.swift in Sources */ = {isa = PBXBuildFile; fileRef = A97569E92634D04B004867B2 /* UpdateTimeCell.swift */; };
		A97569F42634D060004867B2 /* RegionDataController.swift in Sources */ = {isa = PBXBuildFile; fileRef = A97569F12634D05F004867B2 /* RegionDataController.swift */; };
		A97569F52634D060004867B2 /* RegionPanelController.swift in Sources */ = {isa = PBXBuildFile; fileRef = A97569F22634D05F004867B2 /* RegionPanelController.swift */; };
		A97569F62634D060004867B2 /* RegionListController.swift in Sources */ = {isa = PBXBuildFile; fileRef = A97569F32634D060004867B2 /* RegionListController.swift */; };
		A97569FC2634D0C5004867B2 /* Strings.swift in Sources */ = {isa = PBXBuildFile; fileRef = A97569F92634D0C4004867B2 /* Strings.swift */; };
		A97569FD2634D0C5004867B2 /* Assets.swift in Sources */ = {isa = PBXBuildFile; fileRef = A97569FA2634D0C4004867B2 /* Assets.swift */; };
		A97569FE2634D0C5004867B2 /* ISO-Country.swift in Sources */ = {isa = PBXBuildFile; fileRef = A97569FB2634D0C5004867B2 /* ISO-Country.swift */; };
		A9756A032634D0D1004867B2 /* SystemColor.swift in Sources */ = {isa = PBXBuildFile; fileRef = A9756A002634D0D0004867B2 /* SystemColor.swift */; };
		A9756A042634D0D1004867B2 /* UIExtensions.swift in Sources */ = {isa = PBXBuildFile; fileRef = A9756A012634D0D1004867B2 /* UIExtensions.swift */; };
		A9756A052634D0D1004867B2 /* Extensions.swift in Sources */ = {isa = PBXBuildFile; fileRef = A9756A022634D0D1004867B2 /* Extensions.swift */; };
		A9756A0A2634D0E2004867B2 /* AppMenu.swift in Sources */ = {isa = PBXBuildFile; fileRef = A9756A072634D0E1004867B2 /* AppMenu.swift */; };
		A9756A0B2634D0E2004867B2 /* AppToolbar.swift in Sources */ = {isa = PBXBuildFile; fileRef = A9756A082634D0E1004867B2 /* AppToolbar.swift */; };
		A9756A0C2634D0E2004867B2 /* App.swift in Sources */ = {isa = PBXBuildFile; fileRef = A9756A092634D0E2004867B2 /* App.swift */; };
		A9756A1D2634D0FF004867B2 /* Region.swift in Sources */ = {isa = PBXBuildFile; fileRef = A9756A0E2634D0FB004867B2 /* Region.swift */; };
		A9756A1E2634D0FF004867B2 /* ImageItemSource.swift in Sources */ = {isa = PBXBuildFile; fileRef = A9756A0F2634D0FC004867B2 /* ImageItemSource.swift */; };
		A9756A1F2634D0FF004867B2 /* Report.swift in Sources */ = {isa = PBXBuildFile; fileRef = A9756A102634D0FC004867B2 /* Report.swift */; };
		A9756A202634D0FF004867B2 /* MenuItem.swift in Sources */ = {isa = PBXBuildFile; fileRef = A9756A112634D0FC004867B2 /* MenuItem.swift */; };
		A9756A212634D0FF004867B2 /* ContextMenu.swift in Sources */ = {isa = PBXBuildFile; fileRef = A9756A122634D0FD004867B2 /* ContextMenu.swift */; };
		A9756A222634D0FF004867B2 /* MenuItemCell.swift in Sources */ = {isa = PBXBuildFile; fileRef = A9756A132634D0FD004867B2 /* MenuItemCell.swift */; };
		A9756A232634D0FF004867B2 /* ShareManager.swift in Sources */ = {isa = PBXBuildFile; fileRef = A9756A142634D0FD004867B2 /* ShareManager.swift */; };
		A9756A242634D0FF004867B2 /* MenuSegue.swift in Sources */ = {isa = PBXBuildFile; fileRef = A9756A152634D0FD004867B2 /* MenuSegue.swift */; };
		A9756A252634D0FF004867B2 /* TextItemSource.swift in Sources */ = {isa = PBXBuildFile; fileRef = A9756A162634D0FE004867B2 /* TextItemSource.swift */; };
		A9756A262634D0FF004867B2 /* MenuController.swift in Sources */ = {isa = PBXBuildFile; fileRef = A9756A172634D0FE004867B2 /* MenuController.swift */; };
		A9756A272634D0FF004867B2 /* TimeSeries.swift in Sources */ = {isa = PBXBuildFile; fileRef = A9756A182634D0FE004867B2 /* TimeSeries.swift */; };
		A9756A282634D0FF004867B2 /* Coordinate.swift in Sources */ = {isa = PBXBuildFile; fileRef = A9756A192634D0FE004867B2 /* Coordinate.swift */; };
		A9756A292634D0FF004867B2 /* Statistic.swift in Sources */ = {isa = PBXBuildFile; fileRef = A9756A1A2634D0FF004867B2 /* Statistic.swift */; };
		A9756A2A2634D0FF004867B2 /* Menu.swift in Sources */ = {isa = PBXBuildFile; fileRef = A9756A1B2634D0FF004867B2 /* Menu.swift */; };
		A9756A2B2634D0FF004867B2 /* Change.swift in Sources */ = {isa = PBXBuildFile; fileRef = A9756A1C2634D0FF004867B2 /* Change.swift */; };
		A9756A352634D10E004867B2 /* BingDataService.swift in Sources */ = {isa = PBXBuildFile; fileRef = A9756A2E2634D10D004867B2 /* BingDataService.swift */; };
		A9756A362634D10E004867B2 /* JHURepoDataService.swift in Sources */ = {isa = PBXBuildFile; fileRef = A9756A2F2634D10D004867B2 /* JHURepoDataService.swift */; };
		A9756A372634D10E004867B2 /* BaseDataService.swift in Sources */ = {isa = PBXBuildFile; fileRef = A9756A302634D10D004867B2 /* BaseDataService.swift */; };
		A9756A382634D10E004867B2 /* JHUWebDataService.swift in Sources */ = {isa = PBXBuildFile; fileRef = A9756A312634D10D004867B2 /* JHUWebDataService.swift */; };
		A9756A392634D10E004867B2 /* DataService.swift in Sources */ = {isa = PBXBuildFile; fileRef = A9756A322634D10D004867B2 /* DataService.swift */; };
		A9756A3A2634D10E004867B2 /* RKIDataService.swift in Sources */ = {isa = PBXBuildFile; fileRef = A9756A332634D10E004867B2 /* RKIDataService.swift */; };
		A9756A3B2634D10E004867B2 /* BMSGPKDataService.swift in Sources */ = {isa = PBXBuildFile; fileRef = A9756A342634D10E004867B2 /* BMSGPKDataService.swift */; };
		A9756A3E2634D111004867B2 /* DataManager.swift in Sources */ = {isa = PBXBuildFile; fileRef = A9756A3D2634D111004867B2 /* DataManager.swift */; };
		A9756A532634D1AA004867B2 /* MapController.swift in Sources */ = {isa = PBXBuildFile; fileRef = A9756A4E2634D1A9004867B2 /* MapController.swift */; };
		A9756A542634D1AA004867B2 /* PanelLayout.swift in Sources */ = {isa = PBXBuildFile; fileRef = A9756A4F2634D1A9004867B2 /* PanelLayout.swift */; };
		A9756A552634D1AA004867B2 /* RegionAnnotation.swift in Sources */ = {isa = PBXBuildFile; fileRef = A9756A502634D1A9004867B2 /* RegionAnnotation.swift */; };
		A9756A562634D1AA004867B2 /* RegionAnnotationView.swift in Sources */ = {isa = PBXBuildFile; fileRef = A9756A512634D1A9004867B2 /* RegionAnnotationView.swift */; };
		A9756A572634D1AA004867B2 /* DetailsView.swift in Sources */ = {isa = PBXBuildFile; fileRef = A9756A522634D1AA004867B2 /* DetailsView.swift */; };
		A9756A5A2634D1B1004867B2 /* ChartController.swift in Sources */ = {isa = PBXBuildFile; fileRef = A9756A592634D1B1004867B2 /* ChartController.swift */; };
		A9756A6A2634D1E1004867B2 /* ChartView.swift in Sources */ = {isa = PBXBuildFile; fileRef = A9756A5D2634D1DF004867B2 /* ChartView.swift */; };
		A9756A6B2634D1E1004867B2 /* RegionChartView.swift in Sources */ = {isa = PBXBuildFile; fileRef = A9756A5E2634D1DF004867B2 /* RegionChartView.swift */; };
		A9756A6C2634D1E1004867B2 /* CurrentChartView.swift in Sources */ = {isa = PBXBuildFile; fileRef = A9756A5F2634D1E0004867B2 /* CurrentChartView.swift */; };
		A9756A6D2634D1E1004867B2 /* TrendlineChartView.swift in Sources */ = {isa = PBXBuildFile; fileRef = A9756A602634D1E0004867B2 /* TrendlineChartView.swift */; };
		A9756A6E2634D1E1004867B2 /* Charts+Extensions.swift in Sources */ = {isa = PBXBuildFile; fileRef = A9756A612634D1E0004867B2 /* Charts+Extensions.swift */; };
		A9756A6F2634D1E1004867B2 /* BaseChartView.swift in Sources */ = {isa = PBXBuildFile; fileRef = A9756A622634D1E0004867B2 /* BaseChartView.swift */; };
		A9756A702634D1E1004867B2 /* BalloonMarker.swift in Sources */ = {isa = PBXBuildFile; fileRef = A9756A632634D1E0004867B2 /* BalloonMarker.swift */; };
		A9756A712634D1E1004867B2 /* DayAxisValueFormatter.swift in Sources */ = {isa = PBXBuildFile; fileRef = A9756A642634D1E0004867B2 /* DayAxisValueFormatter.swift */; };
		A9756A722634D1E1004867B2 /* HistoryChartView.swift in Sources */ = {isa = PBXBuildFile; fileRef = A9756A652634D1E0004867B2 /* HistoryChartView.swift */; };
		A9756A732634D1E1004867B2 /* PercentValueFormatter.swift in Sources */ = {isa = PBXBuildFile; fileRef = A9756A662634D1E0004867B2 /* PercentValueFormatter.swift */; };
		A9756A742634D1E1004867B2 /* TopChartView.swift in Sources */ = {isa = PBXBuildFile; fileRef = A9756A672634D1E1004867B2 /* TopChartView.swift */; };
		A9756A752634D1E1004867B2 /* DeltaChartView.swift in Sources */ = {isa = PBXBuildFile; fileRef = A9756A682634D1E1004867B2 /* DeltaChartView.swift */; };
		A9756A762634D1E1004867B2 /* SimpleMarkerView.swift in Sources */ = {isa = PBXBuildFile; fileRef = A9756A692634D1E1004867B2 /* SimpleMarkerView.swift */; };
		A9756AB52634E1B1004867B2 /* Localizable.strings in Resources */ = {isa = PBXBuildFile; fileRef = A9756AB42634E1B1004867B2 /* Localizable.strings */; };
		A99BB088262A40D1004D4F86 /* AppDelegate.swift in Sources */ = {isa = PBXBuildFile; fileRef = A99BB087262A40D1004D4F86 /* AppDelegate.swift */; };
		A99BB08A262A40D1004D4F86 /* SceneDelegate.swift in Sources */ = {isa = PBXBuildFile; fileRef = A99BB089262A40D1004D4F86 /* SceneDelegate.swift */; };
		A99BB08F262A40D1004D4F86 /* Main.storyboard in Resources */ = {isa = PBXBuildFile; fileRef = A99BB08D262A40D1004D4F86 /* Main.storyboard */; };
		A99BB091262A40DC004D4F86 /* Assets.xcassets in Resources */ = {isa = PBXBuildFile; fileRef = A99BB090262A40DC004D4F86 /* Assets.xcassets */; };
		A99BB094262A40DC004D4F86 /* LaunchScreen.storyboard in Resources */ = {isa = PBXBuildFile; fileRef = A99BB092262A40DC004D4F86 /* LaunchScreen.storyboard */; };
		A99BB0F6262AF871004D4F86 /* Registration.storyboard in Resources */ = {isa = PBXBuildFile; fileRef = A99BB0F5262AF871004D4F86 /* Registration.storyboard */; };
		A99BB100262AF8A2004D4F86 /* LoginViewController.swift in Sources */ = {isa = PBXBuildFile; fileRef = A99BB0FA262AF8A2004D4F86 /* LoginViewController.swift */; };
		A99BB101262AF8A2004D4F86 /* RegisterWithMailViewController.swift in Sources */ = {isa = PBXBuildFile; fileRef = A99BB0FB262AF8A2004D4F86 /* RegisterWithMailViewController.swift */; };
		A99BB102262AF8A2004D4F86 /* LaunchViewController.swift in Sources */ = {isa = PBXBuildFile; fileRef = A99BB0FC262AF8A2004D4F86 /* LaunchViewController.swift */; };
		A99BB108262AF909004D4F86 /* 17977-corona-virus.json in Resources */ = {isa = PBXBuildFile; fileRef = A99BB107262AF909004D4F86 /* 17977-corona-virus.json */; };
		A9EC0349262AFAA60005A32A /* CustomDesignTextField.swift in Sources */ = {isa = PBXBuildFile; fileRef = A9EC0348262AFAA60005A32A /* CustomDesignTextField.swift */; };
		A9EC034F262AFAB60005A32A /* User.swift in Sources */ = {isa = PBXBuildFile; fileRef = A9EC034C262AFAB60005A32A /* User.swift */; };
		A9EC036C262AFBE60005A32A /* NetworkManager.swift in Sources */ = {isa = PBXBuildFile; fileRef = A9EC036B262AFBE60005A32A /* NetworkManager.swift */; };
		A9EC0388262AFD0E0005A32A /* Constants.swift in Sources */ = {isa = PBXBuildFile; fileRef = A9EC0387262AFD0E0005A32A /* Constants.swift */; };
		A9EC038D262AFD310005A32A /* UIApplication+extension.swift in Sources */ = {isa = PBXBuildFile; fileRef = A9EC038A262AFD310005A32A /* UIApplication+extension.swift */; };
		A9EC038E262AFD310005A32A /* UIView+CornerRadius.swift in Sources */ = {isa = PBXBuildFile; fileRef = A9EC038B262AFD310005A32A /* UIView+CornerRadius.swift */; };
		A9EC038F262AFD310005A32A /* extensions.swift in Sources */ = {isa = PBXBuildFile; fileRef = A9EC038C262AFD310005A32A /* extensions.swift */; };
		BDA25BA2BD474A0253055A0F /* Pods_Covid.framework in Frameworks */ = {isa = PBXBuildFile; fileRef = 71381A39B979E0CEBF1147C5 /* Pods_Covid.framework */; };
/* End PBXBuildFile section */

/* Begin PBXFileReference section */
		14E64D439E668CA8BB360329 /* Pods-Covid.debug.xcconfig */ = {isa = PBXFileReference; includeInIndex = 1; lastKnownFileType = text.xcconfig; name = "Pods-Covid.debug.xcconfig"; path = "Target Support Files/Pods-Covid/Pods-Covid.debug.xcconfig"; sourceTree = "<group>"; };
		71381A39B979E0CEBF1147C5 /* Pods_Covid.framework */ = {isa = PBXFileReference; explicitFileType = wrapper.framework; includeInIndex = 0; path = Pods_Covid.framework; sourceTree = BUILT_PRODUCTS_DIR; };
		8558DEEEF91900750DF1D6A4 /* Pods-Covid.release.xcconfig */ = {isa = PBXFileReference; includeInIndex = 1; lastKnownFileType = text.xcconfig; name = "Pods-Covid.release.xcconfig"; path = "Target Support Files/Pods-Covid/Pods-Covid.release.xcconfig"; sourceTree = "<group>"; };
		A97569D526346B0A004867B2 /* HomeViewController.swift */ = {isa = PBXFileReference; lastKnownFileType = sourcecode.swift; path = HomeViewController.swift; sourceTree = "<group>"; };
		A97569E42634D04A004867B2 /* AuthorInfoCell.swift */ = {isa = PBXFileReference; fileEncoding = 4; lastKnownFileType = sourcecode.swift; path = AuthorInfoCell.swift; sourceTree = "<group>"; };
		A97569E52634D04A004867B2 /* ChartCell.swift */ = {isa = PBXFileReference; fileEncoding = 4; lastKnownFileType = sourcecode.swift; path = ChartCell.swift; sourceTree = "<group>"; };
		A97569E62634D04A004867B2 /* RegionDataCell.swift */ = {isa = PBXFileReference; fileEncoding = 4; lastKnownFileType = sourcecode.swift; path = RegionDataCell.swift; sourceTree = "<group>"; };
		A97569E72634D04B004867B2 /* StatsCell.swift */ = {isa = PBXFileReference; fileEncoding = 4; lastKnownFileType = sourcecode.swift; path = StatsCell.swift; sourceTree = "<group>"; };
		A97569E82634D04B004867B2 /* DataSourceCell.swift */ = {isa = PBXFileReference; fileEncoding = 4; lastKnownFileType = sourcecode.swift; path = DataSourceCell.swift; sourceTree = "<group>"; };
		A97569E92634D04B004867B2 /* UpdateTimeCell.swift */ = {isa = PBXFileReference; fileEncoding = 4; lastKnownFileType = sourcecode.swift; path = UpdateTimeCell.swift; sourceTree = "<group>"; };
		A97569F12634D05F004867B2 /* RegionDataController.swift */ = {isa = PBXFileReference; fileEncoding = 4; lastKnownFileType = sourcecode.swift; path = RegionDataController.swift; sourceTree = "<group>"; };
		A97569F22634D05F004867B2 /* RegionPanelController.swift */ = {isa = PBXFileReference; fileEncoding = 4; lastKnownFileType = sourcecode.swift; path = RegionPanelController.swift; sourceTree = "<group>"; };
		A97569F32634D060004867B2 /* RegionListController.swift */ = {isa = PBXFileReference; fileEncoding = 4; lastKnownFileType = sourcecode.swift; path = RegionListController.swift; sourceTree = "<group>"; };
		A97569F92634D0C4004867B2 /* Strings.swift */ = {isa = PBXFileReference; fileEncoding = 4; lastKnownFileType = sourcecode.swift; path = Strings.swift; sourceTree = "<group>"; };
		A97569FA2634D0C4004867B2 /* Assets.swift */ = {isa = PBXFileReference; fileEncoding = 4; lastKnownFileType = sourcecode.swift; path = Assets.swift; sourceTree = "<group>"; };
		A97569FB2634D0C5004867B2 /* ISO-Country.swift */ = {isa = PBXFileReference; fileEncoding = 4; lastKnownFileType = sourcecode.swift; path = "ISO-Country.swift"; sourceTree = "<group>"; };
		A9756A002634D0D0004867B2 /* SystemColor.swift */ = {isa = PBXFileReference; fileEncoding = 4; lastKnownFileType = sourcecode.swift; path = SystemColor.swift; sourceTree = "<group>"; };
		A9756A012634D0D1004867B2 /* UIExtensions.swift */ = {isa = PBXFileReference; fileEncoding = 4; lastKnownFileType = sourcecode.swift; path = UIExtensions.swift; sourceTree = "<group>"; };
		A9756A022634D0D1004867B2 /* Extensions.swift */ = {isa = PBXFileReference; fileEncoding = 4; lastKnownFileType = sourcecode.swift; path = Extensions.swift; sourceTree = "<group>"; };
		A9756A072634D0E1004867B2 /* AppMenu.swift */ = {isa = PBXFileReference; fileEncoding = 4; lastKnownFileType = sourcecode.swift; path = AppMenu.swift; sourceTree = "<group>"; };
		A9756A082634D0E1004867B2 /* AppToolbar.swift */ = {isa = PBXFileReference; fileEncoding = 4; lastKnownFileType = sourcecode.swift; path = AppToolbar.swift; sourceTree = "<group>"; };
		A9756A092634D0E2004867B2 /* App.swift */ = {isa = PBXFileReference; fileEncoding = 4; lastKnownFileType = sourcecode.swift; path = App.swift; sourceTree = "<group>"; };
		A9756A0E2634D0FB004867B2 /* Region.swift */ = {isa = PBXFileReference; fileEncoding = 4; lastKnownFileType = sourcecode.swift; path = Region.swift; sourceTree = "<group>"; };
		A9756A0F2634D0FC004867B2 /* ImageItemSource.swift */ = {isa = PBXFileReference; fileEncoding = 4; lastKnownFileType = sourcecode.swift; path = ImageItemSource.swift; sourceTree = "<group>"; };
		A9756A102634D0FC004867B2 /* Report.swift */ = {isa = PBXFileReference; fileEncoding = 4; lastKnownFileType = sourcecode.swift; path = Report.swift; sourceTree = "<group>"; };
		A9756A112634D0FC004867B2 /* MenuItem.swift */ = {isa = PBXFileReference; fileEncoding = 4; lastKnownFileType = sourcecode.swift; path = MenuItem.swift; sourceTree = "<group>"; };
		A9756A122634D0FD004867B2 /* ContextMenu.swift */ = {isa = PBXFileReference; fileEncoding = 4; lastKnownFileType = sourcecode.swift; path = ContextMenu.swift; sourceTree = "<group>"; };
		A9756A132634D0FD004867B2 /* MenuItemCell.swift */ = {isa = PBXFileReference; fileEncoding = 4; lastKnownFileType = sourcecode.swift; path = MenuItemCell.swift; sourceTree = "<group>"; };
		A9756A142634D0FD004867B2 /* ShareManager.swift */ = {isa = PBXFileReference; fileEncoding = 4; lastKnownFileType = sourcecode.swift; path = ShareManager.swift; sourceTree = "<group>"; };
		A9756A152634D0FD004867B2 /* MenuSegue.swift */ = {isa = PBXFileReference; fileEncoding = 4; lastKnownFileType = sourcecode.swift; path = MenuSegue.swift; sourceTree = "<group>"; };
		A9756A162634D0FE004867B2 /* TextItemSource.swift */ = {isa = PBXFileReference; fileEncoding = 4; lastKnownFileType = sourcecode.swift; path = TextItemSource.swift; sourceTree = "<group>"; };
		A9756A172634D0FE004867B2 /* MenuController.swift */ = {isa = PBXFileReference; fileEncoding = 4; lastKnownFileType = sourcecode.swift; path = MenuController.swift; sourceTree = "<group>"; };
		A9756A182634D0FE004867B2 /* TimeSeries.swift */ = {isa = PBXFileReference; fileEncoding = 4; lastKnownFileType = sourcecode.swift; path = TimeSeries.swift; sourceTree = "<group>"; };
		A9756A192634D0FE004867B2 /* Coordinate.swift */ = {isa = PBXFileReference; fileEncoding = 4; lastKnownFileType = sourcecode.swift; path = Coordinate.swift; sourceTree = "<group>"; };
		A9756A1A2634D0FF004867B2 /* Statistic.swift */ = {isa = PBXFileReference; fileEncoding = 4; lastKnownFileType = sourcecode.swift; path = Statistic.swift; sourceTree = "<group>"; };
		A9756A1B2634D0FF004867B2 /* Menu.swift */ = {isa = PBXFileReference; fileEncoding = 4; lastKnownFileType = sourcecode.swift; path = Menu.swift; sourceTree = "<group>"; };
		A9756A1C2634D0FF004867B2 /* Change.swift */ = {isa = PBXFileReference; fileEncoding = 4; lastKnownFileType = sourcecode.swift; path = Change.swift; sourceTree = "<group>"; };
		A9756A2E2634D10D004867B2 /* BingDataService.swift */ = {isa = PBXFileReference; fileEncoding = 4; lastKnownFileType = sourcecode.swift; path = BingDataService.swift; sourceTree = "<group>"; };
		A9756A2F2634D10D004867B2 /* JHURepoDataService.swift */ = {isa = PBXFileReference; fileEncoding = 4; lastKnownFileType = sourcecode.swift; path = JHURepoDataService.swift; sourceTree = "<group>"; };
		A9756A302634D10D004867B2 /* BaseDataService.swift */ = {isa = PBXFileReference; fileEncoding = 4; lastKnownFileType = sourcecode.swift; path = BaseDataService.swift; sourceTree = "<group>"; };
		A9756A312634D10D004867B2 /* JHUWebDataService.swift */ = {isa = PBXFileReference; fileEncoding = 4; lastKnownFileType = sourcecode.swift; path = JHUWebDataService.swift; sourceTree = "<group>"; };
		A9756A322634D10D004867B2 /* DataService.swift */ = {isa = PBXFileReference; fileEncoding = 4; lastKnownFileType = sourcecode.swift; path = DataService.swift; sourceTree = "<group>"; };
		A9756A332634D10E004867B2 /* RKIDataService.swift */ = {isa = PBXFileReference; fileEncoding = 4; lastKnownFileType = sourcecode.swift; path = RKIDataService.swift; sourceTree = "<group>"; };
		A9756A342634D10E004867B2 /* BMSGPKDataService.swift */ = {isa = PBXFileReference; fileEncoding = 4; lastKnownFileType = sourcecode.swift; path = BMSGPKDataService.swift; sourceTree = "<group>"; };
		A9756A3D2634D111004867B2 /* DataManager.swift */ = {isa = PBXFileReference; fileEncoding = 4; lastKnownFileType = sourcecode.swift; path = DataManager.swift; sourceTree = "<group>"; };
		A9756A4E2634D1A9004867B2 /* MapController.swift */ = {isa = PBXFileReference; fileEncoding = 4; lastKnownFileType = sourcecode.swift; path = MapController.swift; sourceTree = "<group>"; };
		A9756A4F2634D1A9004867B2 /* PanelLayout.swift */ = {isa = PBXFileReference; fileEncoding = 4; lastKnownFileType = sourcecode.swift; path = PanelLayout.swift; sourceTree = "<group>"; };
		A9756A502634D1A9004867B2 /* RegionAnnotation.swift */ = {isa = PBXFileReference; fileEncoding = 4; lastKnownFileType = sourcecode.swift; path = RegionAnnotation.swift; sourceTree = "<group>"; };
		A9756A512634D1A9004867B2 /* RegionAnnotationView.swift */ = {isa = PBXFileReference; fileEncoding = 4; lastKnownFileType = sourcecode.swift; path = RegionAnnotationView.swift; sourceTree = "<group>"; };
		A9756A522634D1AA004867B2 /* DetailsView.swift */ = {isa = PBXFileReference; fileEncoding = 4; lastKnownFileType = sourcecode.swift; path = DetailsView.swift; sourceTree = "<group>"; };
		A9756A592634D1B1004867B2 /* ChartController.swift */ = {isa = PBXFileReference; fileEncoding = 4; lastKnownFileType = sourcecode.swift; path = ChartController.swift; sourceTree = "<group>"; };
		A9756A5D2634D1DF004867B2 /* ChartView.swift */ = {isa = PBXFileReference; fileEncoding = 4; lastKnownFileType = sourcecode.swift; path = ChartView.swift; sourceTree = "<group>"; };
		A9756A5E2634D1DF004867B2 /* RegionChartView.swift */ = {isa = PBXFileReference; fileEncoding = 4; lastKnownFileType = sourcecode.swift; path = RegionChartView.swift; sourceTree = "<group>"; };
		A9756A5F2634D1E0004867B2 /* CurrentChartView.swift */ = {isa = PBXFileReference; fileEncoding = 4; lastKnownFileType = sourcecode.swift; path = CurrentChartView.swift; sourceTree = "<group>"; };
		A9756A602634D1E0004867B2 /* TrendlineChartView.swift */ = {isa = PBXFileReference; fileEncoding = 4; lastKnownFileType = sourcecode.swift; path = TrendlineChartView.swift; sourceTree = "<group>"; };
		A9756A612634D1E0004867B2 /* Charts+Extensions.swift */ = {isa = PBXFileReference; fileEncoding = 4; lastKnownFileType = sourcecode.swift; path = "Charts+Extensions.swift"; sourceTree = "<group>"; };
		A9756A622634D1E0004867B2 /* BaseChartView.swift */ = {isa = PBXFileReference; fileEncoding = 4; lastKnownFileType = sourcecode.swift; path = BaseChartView.swift; sourceTree = "<group>"; };
		A9756A632634D1E0004867B2 /* BalloonMarker.swift */ = {isa = PBXFileReference; fileEncoding = 4; lastKnownFileType = sourcecode.swift; path = BalloonMarker.swift; sourceTree = "<group>"; };
		A9756A642634D1E0004867B2 /* DayAxisValueFormatter.swift */ = {isa = PBXFileReference; fileEncoding = 4; lastKnownFileType = sourcecode.swift; path = DayAxisValueFormatter.swift; sourceTree = "<group>"; };
		A9756A652634D1E0004867B2 /* HistoryChartView.swift */ = {isa = PBXFileReference; fileEncoding = 4; lastKnownFileType = sourcecode.swift; path = HistoryChartView.swift; sourceTree = "<group>"; };
		A9756A662634D1E0004867B2 /* PercentValueFormatter.swift */ = {isa = PBXFileReference; fileEncoding = 4; lastKnownFileType = sourcecode.swift; path = PercentValueFormatter.swift; sourceTree = "<group>"; };
		A9756A672634D1E1004867B2 /* TopChartView.swift */ = {isa = PBXFileReference; fileEncoding = 4; lastKnownFileType = sourcecode.swift; path = TopChartView.swift; sourceTree = "<group>"; };
		A9756A682634D1E1004867B2 /* DeltaChartView.swift */ = {isa = PBXFileReference; fileEncoding = 4; lastKnownFileType = sourcecode.swift; path = DeltaChartView.swift; sourceTree = "<group>"; };
		A9756A692634D1E1004867B2 /* SimpleMarkerView.swift */ = {isa = PBXFileReference; fileEncoding = 4; lastKnownFileType = sourcecode.swift; path = SimpleMarkerView.swift; sourceTree = "<group>"; };
		A9756AB42634E1B1004867B2 /* Localizable.strings */ = {isa = PBXFileReference; fileEncoding = 4; lastKnownFileType = text.plist.strings; path = Localizable.strings; sourceTree = "<group>"; };
		A99BB084262A40D1004D4F86 /* Covid.app */ = {isa = PBXFileReference; explicitFileType = wrapper.application; includeInIndex = 0; path = Covid.app; sourceTree = BUILT_PRODUCTS_DIR; };
		A99BB087262A40D1004D4F86 /* AppDelegate.swift */ = {isa = PBXFileReference; lastKnownFileType = sourcecode.swift; path = AppDelegate.swift; sourceTree = "<group>"; };
		A99BB089262A40D1004D4F86 /* SceneDelegate.swift */ = {isa = PBXFileReference; lastKnownFileType = sourcecode.swift; path = SceneDelegate.swift; sourceTree = "<group>"; };
		A99BB08E262A40D1004D4F86 /* Base */ = {isa = PBXFileReference; lastKnownFileType = file.storyboard; name = Base; path = Base.lproj/Main.storyboard; sourceTree = "<group>"; };
		A99BB090262A40DC004D4F86 /* Assets.xcassets */ = {isa = PBXFileReference; lastKnownFileType = folder.assetcatalog; path = Assets.xcassets; sourceTree = "<group>"; };
		A99BB093262A40DC004D4F86 /* Base */ = {isa = PBXFileReference; lastKnownFileType = file.storyboard; name = Base; path = Base.lproj/LaunchScreen.storyboard; sourceTree = "<group>"; };
		A99BB095262A40DC004D4F86 /* Info.plist */ = {isa = PBXFileReference; lastKnownFileType = text.plist.xml; path = Info.plist; sourceTree = "<group>"; };
		A99BB0F5262AF871004D4F86 /* Registration.storyboard */ = {isa = PBXFileReference; fileEncoding = 4; lastKnownFileType = file.storyboard; path = Registration.storyboard; sourceTree = "<group>"; };
		A99BB0FA262AF8A2004D4F86 /* LoginViewController.swift */ = {isa = PBXFileReference; fileEncoding = 4; lastKnownFileType = sourcecode.swift; path = LoginViewController.swift; sourceTree = "<group>"; };
		A99BB0FB262AF8A2004D4F86 /* RegisterWithMailViewController.swift */ = {isa = PBXFileReference; fileEncoding = 4; lastKnownFileType = sourcecode.swift; path = RegisterWithMailViewController.swift; sourceTree = "<group>"; };
		A99BB0FC262AF8A2004D4F86 /* LaunchViewController.swift */ = {isa = PBXFileReference; fileEncoding = 4; lastKnownFileType = sourcecode.swift; path = LaunchViewController.swift; sourceTree = "<group>"; };
		A99BB107262AF909004D4F86 /* 17977-corona-virus.json */ = {isa = PBXFileReference; fileEncoding = 4; lastKnownFileType = text.json; path = "17977-corona-virus.json"; sourceTree = "<group>"; };
		A9EC0348262AFAA60005A32A /* CustomDesignTextField.swift */ = {isa = PBXFileReference; fileEncoding = 4; lastKnownFileType = sourcecode.swift; path = CustomDesignTextField.swift; sourceTree = "<group>"; };
		A9EC034C262AFAB60005A32A /* User.swift */ = {isa = PBXFileReference; fileEncoding = 4; lastKnownFileType = sourcecode.swift; path = User.swift; sourceTree = "<group>"; };
		A9EC036B262AFBE60005A32A /* NetworkManager.swift */ = {isa = PBXFileReference; fileEncoding = 4; lastKnownFileType = sourcecode.swift; path = NetworkManager.swift; sourceTree = "<group>"; };
		A9EC0387262AFD0E0005A32A /* Constants.swift */ = {isa = PBXFileReference; fileEncoding = 4; lastKnownFileType = sourcecode.swift; path = Constants.swift; sourceTree = "<group>"; };
		A9EC038A262AFD310005A32A /* UIApplication+extension.swift */ = {isa = PBXFileReference; fileEncoding = 4; lastKnownFileType = sourcecode.swift; path = "UIApplication+extension.swift"; sourceTree = "<group>"; };
		A9EC038B262AFD310005A32A /* UIView+CornerRadius.swift */ = {isa = PBXFileReference; fileEncoding = 4; lastKnownFileType = sourcecode.swift; path = "UIView+CornerRadius.swift"; sourceTree = "<group>"; };
		A9EC038C262AFD310005A32A /* extensions.swift */ = {isa = PBXFileReference; fileEncoding = 4; lastKnownFileType = sourcecode.swift; path = extensions.swift; sourceTree = "<group>"; };
/* End PBXFileReference section */

/* Begin PBXFrameworksBuildPhase section */
		A99BB081262A40D1004D4F86 /* Frameworks */ = {
			isa = PBXFrameworksBuildPhase;
			buildActionMask = 2147483647;
			files = (
				BDA25BA2BD474A0253055A0F /* Pods_Covid.framework in Frameworks */,
			);
			runOnlyForDeploymentPostprocessing = 0;
		};
/* End PBXFrameworksBuildPhase section */

/* Begin PBXGroup section */
		229FFD2A195AD61CC362B9FE /* Frameworks */ = {
			isa = PBXGroup;
			children = (
				71381A39B979E0CEBF1147C5 /* Pods_Covid.framework */,
			);
			name = Frameworks;
			sourceTree = "<group>";
		};
		A97569D426346AF7004867B2 /* Controllers */ = {
			isa = PBXGroup;
			children = (
				A97569D526346B0A004867B2 /* HomeViewController.swift */,
			);
			path = Controllers;
			sourceTree = "<group>";
		};
		A97569D92634D03B004867B2 /* RegionCells */ = {
			isa = PBXGroup;
			children = (
				A97569E42634D04A004867B2 /* AuthorInfoCell.swift */,
				A97569E52634D04A004867B2 /* ChartCell.swift */,
				A97569E82634D04B004867B2 /* DataSourceCell.swift */,
				A97569E62634D04A004867B2 /* RegionDataCell.swift */,
				A97569E72634D04B004867B2 /* StatsCell.swift */,
				A97569E92634D04B004867B2 /* UpdateTimeCell.swift */,
			);
			path = RegionCells;
			sourceTree = "<group>";
		};
		A97569F02634D051004867B2 /* RegionControllers */ = {
			isa = PBXGroup;
			children = (
				A97569F12634D05F004867B2 /* RegionDataController.swift */,
				A97569F32634D060004867B2 /* RegionListController.swift */,
				A97569F22634D05F004867B2 /* RegionPanelController.swift */,
			);
			path = RegionControllers;
			sourceTree = "<group>";
		};
		A97569F82634D0B4004867B2 /* Helpers */ = {
			isa = PBXGroup;
			children = (
				A9756A1C2634D0FF004867B2 /* Change.swift */,
				A9756A122634D0FD004867B2 /* ContextMenu.swift */,
				A9756A192634D0FE004867B2 /* Coordinate.swift */,
				A9756A0F2634D0FC004867B2 /* ImageItemSource.swift */,
				A9756A1B2634D0FF004867B2 /* Menu.swift */,
				A9756A172634D0FE004867B2 /* MenuController.swift */,
				A9756A112634D0FC004867B2 /* MenuItem.swift */,
				A9756A132634D0FD004867B2 /* MenuItemCell.swift */,
				A9756A152634D0FD004867B2 /* MenuSegue.swift */,
				A9756A0E2634D0FB004867B2 /* Region.swift */,
				A9756A102634D0FC004867B2 /* Report.swift */,
				A9756A142634D0FD004867B2 /* ShareManager.swift */,
				A9756A1A2634D0FF004867B2 /* Statistic.swift */,
				A9756A162634D0FE004867B2 /* TextItemSource.swift */,
				A9756A182634D0FE004867B2 /* TimeSeries.swift */,
				A9756A092634D0E2004867B2 /* App.swift */,
				A9756A072634D0E1004867B2 /* AppMenu.swift */,
				A9756A082634D0E1004867B2 /* AppToolbar.swift */,
				A9756A022634D0D1004867B2 /* Extensions.swift */,
				A9756A002634D0D0004867B2 /* SystemColor.swift */,
				A9756A012634D0D1004867B2 /* UIExtensions.swift */,
				A97569FA2634D0C4004867B2 /* Assets.swift */,
				A97569FB2634D0C5004867B2 /* ISO-Country.swift */,
				A97569F92634D0C4004867B2 /* Strings.swift */,
			);
			path = Helpers;
			sourceTree = "<group>";
		};
		A9756A2D2634D103004867B2 /* service */ = {
			isa = PBXGroup;
			children = (
				A9756A3D2634D111004867B2 /* DataManager.swift */,
				A9756A302634D10D004867B2 /* BaseDataService.swift */,
				A9756A2E2634D10D004867B2 /* BingDataService.swift */,
				A9756A342634D10E004867B2 /* BMSGPKDataService.swift */,
				A9756A322634D10D004867B2 /* DataService.swift */,
				A9756A2F2634D10D004867B2 /* JHURepoDataService.swift */,
				A9756A312634D10D004867B2 /* JHUWebDataService.swift */,
				A9756A332634D10E004867B2 /* RKIDataService.swift */,
			);
			path = service;
			sourceTree = "<group>";
		};
		A9756A4D2634D194004867B2 /* ControllerHelpers */ = {
			isa = PBXGroup;
			children = (
				A9756A522634D1AA004867B2 /* DetailsView.swift */,
				A9756A4E2634D1A9004867B2 /* MapController.swift */,
				A9756A4F2634D1A9004867B2 /* PanelLayout.swift */,
				A9756A502634D1A9004867B2 /* RegionAnnotation.swift */,
				A9756A512634D1A9004867B2 /* RegionAnnotationView.swift */,
				A9756A592634D1B1004867B2 /* ChartController.swift */,
			);
			path = ControllerHelpers;
			sourceTree = "<group>";
		};
		A9756A5C2634D1BF004867B2 /* ChartHelpers */ = {
			isa = PBXGroup;
			children = (
				A9756A632634D1E0004867B2 /* BalloonMarker.swift */,
				A9756A622634D1E0004867B2 /* BaseChartView.swift */,
				A9756A612634D1E0004867B2 /* Charts+Extensions.swift */,
				A9756A5D2634D1DF004867B2 /* ChartView.swift */,
				A9756A5F2634D1E0004867B2 /* CurrentChartView.swift */,
				A9756A642634D1E0004867B2 /* DayAxisValueFormatter.swift */,
				A9756A682634D1E1004867B2 /* DeltaChartView.swift */,
				A9756A652634D1E0004867B2 /* HistoryChartView.swift */,
				A9756A662634D1E0004867B2 /* PercentValueFormatter.swift */,
				A9756A5E2634D1DF004867B2 /* RegionChartView.swift */,
				A9756A692634D1E1004867B2 /* SimpleMarkerView.swift */,
				A9756A672634D1E1004867B2 /* TopChartView.swift */,
				A9756A602634D1E0004867B2 /* TrendlineChartView.swift */,
			);
			path = ChartHelpers;
			sourceTree = "<group>";
		};
		A99BB07B262A40D1004D4F86 = {
			isa = PBXGroup;
			children = (
				A99BB086262A40D1004D4F86 /* Covid */,
				A99BB085262A40D1004D4F86 /* Products */,
				E510487088A5DA16898B2538 /* Pods */,
				229FFD2A195AD61CC362B9FE /* Frameworks */,
			);
			sourceTree = "<group>";
		};
		A99BB085262A40D1004D4F86 /* Products */ = {
			isa = PBXGroup;
			children = (
				A99BB084262A40D1004D4F86 /* Covid.app */,
			);
			name = Products;
			sourceTree = "<group>";
		};
		A99BB086262A40D1004D4F86 /* Covid */ = {
			isa = PBXGroup;
			children = (
				A9756A5C2634D1BF004867B2 /* ChartHelpers */,
				A9756A4D2634D194004867B2 /* ControllerHelpers */,
				A9756A2D2634D103004867B2 /* service */,
				A97569F82634D0B4004867B2 /* Helpers */,
				A97569F02634D051004867B2 /* RegionControllers */,
				A97569D92634D03B004867B2 /* RegionCells */,
				A97569D426346AF7004867B2 /* Controllers */,
				A9EC034C262AFAB60005A32A /* User.swift */,
				A99BB08D262A40D1004D4F86 /* Main.storyboard */,
				A99BB0F5262AF871004D4F86 /* Registration.storyboard */,
				A9EC0348262AFAA60005A32A /* CustomDesignTextField.swift */,
				A9EC038C262AFD310005A32A /* extensions.swift */,
				A9EC038A262AFD310005A32A /* UIApplication+extension.swift */,
				A9EC038B262AFD310005A32A /* UIView+CornerRadius.swift */,
				A9EC0387262AFD0E0005A32A /* Constants.swift */,
				A9EC036B262AFBE60005A32A /* NetworkManager.swift */,
				A99BB107262AF909004D4F86 /* 17977-corona-virus.json */,
				A99BB090262A40DC004D4F86 /* Assets.xcassets */,
				A99BB092262A40DC004D4F86 /* LaunchScreen.storyboard */,
				A99BB0F8262AF892004D4F86 /* Authentication */,
				A99BB087262A40D1004D4F86 /* AppDelegate.swift */,
				A99BB089262A40D1004D4F86 /* SceneDelegate.swift */,
				A99BB095262A40DC004D4F86 /* Info.plist */,
				A9756AB42634E1B1004867B2 /* Localizable.strings */,
			);
			path = Covid;
			sourceTree = "<group>";
		};
		A99BB0F8262AF892004D4F86 /* Authentication */ = {
			isa = PBXGroup;
			children = (
				A99BB0FC262AF8A2004D4F86 /* LaunchViewController.swift */,
				A99BB0FA262AF8A2004D4F86 /* LoginViewController.swift */,
				A99BB0FB262AF8A2004D4F86 /* RegisterWithMailViewController.swift */,
			);
			path = Authentication;
			sourceTree = "<group>";
		};
		E510487088A5DA16898B2538 /* Pods */ = {
			isa = PBXGroup;
			children = (
				14E64D439E668CA8BB360329 /* Pods-Covid.debug.xcconfig */,
				8558DEEEF91900750DF1D6A4 /* Pods-Covid.release.xcconfig */,
			);
			path = Pods;
			sourceTree = "<group>";
		};
/* End PBXGroup section */

/* Begin PBXNativeTarget section */
		A99BB083262A40D1004D4F86 /* Covid */ = {
			isa = PBXNativeTarget;
			buildConfigurationList = A99BB098262A40DC004D4F86 /* Build configuration list for PBXNativeTarget "Covid" */;
			buildPhases = (
				077A6ECA3379EC2AE7B1F7B8 /* [CP] Check Pods Manifest.lock */,
				A99BB080262A40D1004D4F86 /* Sources */,
				A99BB081262A40D1004D4F86 /* Frameworks */,
				A99BB082262A40D1004D4F86 /* Resources */,
				E06F24FAAD6E0153431B2449 /* [CP] Embed Pods Frameworks */,
			);
			buildRules = (
			);
			dependencies = (
			);
			name = Covid;
			productName = Covid;
			productReference = A99BB084262A40D1004D4F86 /* Covid.app */;
			productType = "com.apple.product-type.application";
		};
/* End PBXNativeTarget section */

/* Begin PBXProject section */
		A99BB07C262A40D1004D4F86 /* Project object */ = {
			isa = PBXProject;
			attributes = {
				LastSwiftUpdateCheck = 1220;
				LastUpgradeCheck = 1220;
				TargetAttributes = {
					A99BB083262A40D1004D4F86 = {
						CreatedOnToolsVersion = 12.2;
					};
				};
			};
			buildConfigurationList = A99BB07F262A40D1004D4F86 /* Build configuration list for PBXProject "Covid" */;
			compatibilityVersion = "Xcode 9.3";
			developmentRegion = en;
			hasScannedForEncodings = 0;
			knownRegions = (
				en,
				Base,
			);
			mainGroup = A99BB07B262A40D1004D4F86;
			productRefGroup = A99BB085262A40D1004D4F86 /* Products */;
			projectDirPath = "";
			projectRoot = "";
			targets = (
				A99BB083262A40D1004D4F86 /* Covid */,
			);
		};
/* End PBXProject section */

/* Begin PBXResourcesBuildPhase section */
		A99BB082262A40D1004D4F86 /* Resources */ = {
			isa = PBXResourcesBuildPhase;
			buildActionMask = 2147483647;
			files = (
				A99BB094262A40DC004D4F86 /* LaunchScreen.storyboard in Resources */,
				A9756AB52634E1B1004867B2 /* Localizable.strings in Resources */,
				A99BB0F6262AF871004D4F86 /* Registration.storyboard in Resources */,
				A99BB091262A40DC004D4F86 /* Assets.xcassets in Resources */,
				A99BB08F262A40D1004D4F86 /* Main.storyboard in Resources */,
				A99BB108262AF909004D4F86 /* 17977-corona-virus.json in Resources */,
			);
			runOnlyForDeploymentPostprocessing = 0;
		};
/* End PBXResourcesBuildPhase section */

/* Begin PBXShellScriptBuildPhase section */
		077A6ECA3379EC2AE7B1F7B8 /* [CP] Check Pods Manifest.lock */ = {
			isa = PBXShellScriptBuildPhase;
			buildActionMask = 2147483647;
			files = (
			);
			inputFileListPaths = (
			);
			inputPaths = (
				"${PODS_PODFILE_DIR_PATH}/Podfile.lock",
				"${PODS_ROOT}/Manifest.lock",
			);
			name = "[CP] Check Pods Manifest.lock";
			outputFileListPaths = (
			);
			outputPaths = (
				"$(DERIVED_FILE_DIR)/Pods-Covid-checkManifestLockResult.txt",
			);
			runOnlyForDeploymentPostprocessing = 0;
			shellPath = /bin/sh;
			shellScript = "diff \"${PODS_PODFILE_DIR_PATH}/Podfile.lock\" \"${PODS_ROOT}/Manifest.lock\" > /dev/null\nif [ $? != 0 ] ; then\n    # print error to STDERR\n    echo \"error: The sandbox is not in sync with the Podfile.lock. Run 'pod install' or update your CocoaPods installation.\" >&2\n    exit 1\nfi\n# This output is used by Xcode 'outputs' to avoid re-running this script phase.\necho \"SUCCESS\" > \"${SCRIPT_OUTPUT_FILE_0}\"\n";
			showEnvVarsInLog = 0;
		};
		E06F24FAAD6E0153431B2449 /* [CP] Embed Pods Frameworks */ = {
			isa = PBXShellScriptBuildPhase;
			buildActionMask = 2147483647;
			files = (
			);
			inputFileListPaths = (
				"${PODS_ROOT}/Target Support Files/Pods-Covid/Pods-Covid-frameworks-${CONFIGURATION}-input-files.xcfilelist",
			);
			name = "[CP] Embed Pods Frameworks";
			outputFileListPaths = (
				"${PODS_ROOT}/Target Support Files/Pods-Covid/Pods-Covid-frameworks-${CONFIGURATION}-output-files.xcfilelist",
			);
			runOnlyForDeploymentPostprocessing = 0;
			shellPath = /bin/sh;
			shellScript = "\"${PODS_ROOT}/Target Support Files/Pods-Covid/Pods-Covid-frameworks.sh\"\n";
			showEnvVarsInLog = 0;
		};
/* End PBXShellScriptBuildPhase section */

/* Begin PBXSourcesBuildPhase section */
		A99BB080262A40D1004D4F86 /* Sources */ = {
			isa = PBXSourcesBuildPhase;
			buildActionMask = 2147483647;
			files = (
				A9756A6A2634D1E1004867B2 /* ChartView.swift in Sources */,
				A99BB100262AF8A2004D4F86 /* LoginViewController.swift in Sources */,
				A9756A562634D1AA004867B2 /* RegionAnnotationView.swift in Sources */,
				A9EC038F262AFD310005A32A /* extensions.swift in Sources */,
				A97569FD2634D0C5004867B2 /* Assets.swift in Sources */,
				A9756A532634D1AA004867B2 /* MapController.swift in Sources */,
				A9756A282634D0FF004867B2 /* Coordinate.swift in Sources */,
				A97569EE2634D04B004867B2 /* DataSourceCell.swift in Sources */,
				A9756A762634D1E1004867B2 /* SimpleMarkerView.swift in Sources */,
				A99BB102262AF8A2004D4F86 /* LaunchViewController.swift in Sources */,
				A9EC036C262AFBE60005A32A /* NetworkManager.swift in Sources */,
				A9756A3B2634D10E004867B2 /* BMSGPKDataService.swift in Sources */,
				A9756A0A2634D0E2004867B2 /* AppMenu.swift in Sources */,
				A9EC0349262AFAA60005A32A /* CustomDesignTextField.swift in Sources */,
				A99BB101262AF8A2004D4F86 /* RegisterWithMailViewController.swift in Sources */,
				A9756A262634D0FF004867B2 /* MenuController.swift in Sources */,
				A9756A232634D0FF004867B2 /* ShareManager.swift in Sources */,
				A9756A0C2634D0E2004867B2 /* App.swift in Sources */,
				A9756A742634D1E1004867B2 /* TopChartView.swift in Sources */,
				A9756A032634D0D1004867B2 /* SystemColor.swift in Sources */,
				A9756A712634D1E1004867B2 /* DayAxisValueFormatter.swift in Sources */,
				A9756A1D2634D0FF004867B2 /* Region.swift in Sources */,
				A9756A222634D0FF004867B2 /* MenuItemCell.swift in Sources */,
				A97569F62634D060004867B2 /* RegionListController.swift in Sources */,
				A97569F42634D060004867B2 /* RegionDataController.swift in Sources */,
				A9756A202634D0FF004867B2 /* MenuItem.swift in Sources */,
				A9756A6C2634D1E1004867B2 /* CurrentChartView.swift in Sources */,
				A9756A1E2634D0FF004867B2 /* ImageItemSource.swift in Sources */,
				A97569EB2634D04B004867B2 /* ChartCell.swift in Sources */,
				A9756A042634D0D1004867B2 /* UIExtensions.swift in Sources */,
				A9756A352634D10E004867B2 /* BingDataService.swift in Sources */,
				A9756A752634D1E1004867B2 /* DeltaChartView.swift in Sources */,
				A9756A1F2634D0FF004867B2 /* Report.swift in Sources */,
				A9756A3E2634D111004867B2 /* DataManager.swift in Sources */,
				A97569EA2634D04B004867B2 /* AuthorInfoCell.swift in Sources */,
				A9756A372634D10E004867B2 /* BaseDataService.swift in Sources */,
				A9756A5A2634D1B1004867B2 /* ChartController.swift in Sources */,
				A9756A2A2634D0FF004867B2 /* Menu.swift in Sources */,
				A9756A6F2634D1E1004867B2 /* BaseChartView.swift in Sources */,
				A9756A722634D1E1004867B2 /* HistoryChartView.swift in Sources */,
				A9EC038E262AFD310005A32A /* UIView+CornerRadius.swift in Sources */,
				A9756A382634D10E004867B2 /* JHUWebDataService.swift in Sources */,
				A9756A362634D10E004867B2 /* JHURepoDataService.swift in Sources */,
				A9756A6D2634D1E1004867B2 /* TrendlineChartView.swift in Sources */,
				A99BB088262A40D1004D4F86 /* AppDelegate.swift in Sources */,
				A9756A242634D0FF004867B2 /* MenuSegue.swift in Sources */,
				A9756A572634D1AA004867B2 /* DetailsView.swift in Sources */,
				A9756A6B2634D1E1004867B2 /* RegionChartView.swift in Sources */,
				A9756A212634D0FF004867B2 /* ContextMenu.swift in Sources */,
				A9756A392634D10E004867B2 /* DataService.swift in Sources */,
				A9EC0388262AFD0E0005A32A /* Constants.swift in Sources */,
				A9EC038D262AFD310005A32A /* UIApplication+extension.swift in Sources */,
				A9756A3A2634D10E004867B2 /* RKIDataService.swift in Sources */,
				A9756A292634D0FF004867B2 /* Statistic.swift in Sources */,
				A9756A252634D0FF004867B2 /* TextItemSource.swift in Sources */,
				A9756A542634D1AA004867B2 /* PanelLayout.swift in Sources */,
				A97569F52634D060004867B2 /* RegionPanelController.swift in Sources */,
				A9756A6E2634D1E1004867B2 /* Charts+Extensions.swift in Sources */,
				A99BB08A262A40D1004D4F86 /* SceneDelegate.swift in Sources */,
				A9756A732634D1E1004867B2 /* PercentValueFormatter.swift in Sources */,
				A9756A702634D1E1004867B2 /* BalloonMarker.swift in Sources */,
				A97569EC2634D04B004867B2 /* RegionDataCell.swift in Sources */,
				A97569EF2634D04B004867B2 /* UpdateTimeCell.swift in Sources */,
				A97569ED2634D04B004867B2 /* StatsCell.swift in Sources */,
				A9756A552634D1AA004867B2 /* RegionAnnotation.swift in Sources */,
				A97569D626346B0A004867B2 /* HomeViewController.swift in Sources */,
				A9756A0B2634D0E2004867B2 /* AppToolbar.swift in Sources */,
				A9756A272634D0FF004867B2 /* TimeSeries.swift in Sources */,
				A9756A2B2634D0FF004867B2 /* Change.swift in Sources */,
				A9EC034F262AFAB60005A32A /* User.swift in Sources */,
				A97569FE2634D0C5004867B2 /* ISO-Country.swift in Sources */,
				A97569FC2634D0C5004867B2 /* Strings.swift in Sources */,
				A9756A052634D0D1004867B2 /* Extensions.swift in Sources */,
			);
			runOnlyForDeploymentPostprocessing = 0;
		};
/* End PBXSourcesBuildPhase section */

/* Begin PBXVariantGroup section */
		A99BB08D262A40D1004D4F86 /* Main.storyboard */ = {
			isa = PBXVariantGroup;
			children = (
				A99BB08E262A40D1004D4F86 /* Base */,
			);
			name = Main.storyboard;
			sourceTree = "<group>";
		};
		A99BB092262A40DC004D4F86 /* LaunchScreen.storyboard */ = {
			isa = PBXVariantGroup;
			children = (
				A99BB093262A40DC004D4F86 /* Base */,
			);
			name = LaunchScreen.storyboard;
			sourceTree = "<group>";
		};
/* End PBXVariantGroup section */

/* Begin XCBuildConfiguration section */
		A99BB096262A40DC004D4F86 /* Debug */ = {
			isa = XCBuildConfiguration;
			buildSettings = {
				ALWAYS_SEARCH_USER_PATHS = NO;
				CLANG_ANALYZER_NONNULL = YES;
				CLANG_ANALYZER_NUMBER_OBJECT_CONVERSION = YES_AGGRESSIVE;
				CLANG_CXX_LANGUAGE_STANDARD = "gnu++14";
				CLANG_CXX_LIBRARY = "libc++";
				CLANG_ENABLE_MODULES = YES;
				CLANG_ENABLE_OBJC_ARC = YES;
				CLANG_ENABLE_OBJC_WEAK = YES;
				CLANG_WARN_BLOCK_CAPTURE_AUTORELEASING = YES;
				CLANG_WARN_BOOL_CONVERSION = YES;
				CLANG_WARN_COMMA = YES;
				CLANG_WARN_CONSTANT_CONVERSION = YES;
				CLANG_WARN_DEPRECATED_OBJC_IMPLEMENTATIONS = YES;
				CLANG_WARN_DIRECT_OBJC_ISA_USAGE = YES_ERROR;
				CLANG_WARN_DOCUMENTATION_COMMENTS = YES;
				CLANG_WARN_EMPTY_BODY = YES;
				CLANG_WARN_ENUM_CONVERSION = YES;
				CLANG_WARN_INFINITE_RECURSION = YES;
				CLANG_WARN_INT_CONVERSION = YES;
				CLANG_WARN_NON_LITERAL_NULL_CONVERSION = YES;
				CLANG_WARN_OBJC_IMPLICIT_RETAIN_SELF = YES;
				CLANG_WARN_OBJC_LITERAL_CONVERSION = YES;
				CLANG_WARN_OBJC_ROOT_CLASS = YES_ERROR;
				CLANG_WARN_QUOTED_INCLUDE_IN_FRAMEWORK_HEADER = YES;
				CLANG_WARN_RANGE_LOOP_ANALYSIS = YES;
				CLANG_WARN_STRICT_PROTOTYPES = YES;
				CLANG_WARN_SUSPICIOUS_MOVE = YES;
				CLANG_WARN_UNGUARDED_AVAILABILITY = YES_AGGRESSIVE;
				CLANG_WARN_UNREACHABLE_CODE = YES;
				CLANG_WARN__DUPLICATE_METHOD_MATCH = YES;
				COPY_PHASE_STRIP = NO;
				DEBUG_INFORMATION_FORMAT = dwarf;
				ENABLE_STRICT_OBJC_MSGSEND = YES;
				ENABLE_TESTABILITY = YES;
				GCC_C_LANGUAGE_STANDARD = gnu11;
				GCC_DYNAMIC_NO_PIC = NO;
				GCC_NO_COMMON_BLOCKS = YES;
				GCC_OPTIMIZATION_LEVEL = 0;
				GCC_PREPROCESSOR_DEFINITIONS = (
					"DEBUG=1",
					"$(inherited)",
				);
				GCC_WARN_64_TO_32_BIT_CONVERSION = YES;
				GCC_WARN_ABOUT_RETURN_TYPE = YES_ERROR;
				GCC_WARN_UNDECLARED_SELECTOR = YES;
				GCC_WARN_UNINITIALIZED_AUTOS = YES_AGGRESSIVE;
				GCC_WARN_UNUSED_FUNCTION = YES;
				GCC_WARN_UNUSED_VARIABLE = YES;
				IPHONEOS_DEPLOYMENT_TARGET = 14.2;
				MTL_ENABLE_DEBUG_INFO = INCLUDE_SOURCE;
				MTL_FAST_MATH = YES;
				ONLY_ACTIVE_ARCH = YES;
				SDKROOT = iphoneos;
				SWIFT_ACTIVE_COMPILATION_CONDITIONS = DEBUG;
				SWIFT_OPTIMIZATION_LEVEL = "-Onone";
			};
			name = Debug;
		};
		A99BB097262A40DC004D4F86 /* Release */ = {
			isa = XCBuildConfiguration;
			buildSettings = {
				ALWAYS_SEARCH_USER_PATHS = NO;
				CLANG_ANALYZER_NONNULL = YES;
				CLANG_ANALYZER_NUMBER_OBJECT_CONVERSION = YES_AGGRESSIVE;
				CLANG_CXX_LANGUAGE_STANDARD = "gnu++14";
				CLANG_CXX_LIBRARY = "libc++";
				CLANG_ENABLE_MODULES = YES;
				CLANG_ENABLE_OBJC_ARC = YES;
				CLANG_ENABLE_OBJC_WEAK = YES;
				CLANG_WARN_BLOCK_CAPTURE_AUTORELEASING = YES;
				CLANG_WARN_BOOL_CONVERSION = YES;
				CLANG_WARN_COMMA = YES;
				CLANG_WARN_CONSTANT_CONVERSION = YES;
				CLANG_WARN_DEPRECATED_OBJC_IMPLEMENTATIONS = YES;
				CLANG_WARN_DIRECT_OBJC_ISA_USAGE = YES_ERROR;
				CLANG_WARN_DOCUMENTATION_COMMENTS = YES;
				CLANG_WARN_EMPTY_BODY = YES;
				CLANG_WARN_ENUM_CONVERSION = YES;
				CLANG_WARN_INFINITE_RECURSION = YES;
				CLANG_WARN_INT_CONVERSION = YES;
				CLANG_WARN_NON_LITERAL_NULL_CONVERSION = YES;
				CLANG_WARN_OBJC_IMPLICIT_RETAIN_SELF = YES;
				CLANG_WARN_OBJC_LITERAL_CONVERSION = YES;
				CLANG_WARN_OBJC_ROOT_CLASS = YES_ERROR;
				CLANG_WARN_QUOTED_INCLUDE_IN_FRAMEWORK_HEADER = YES;
				CLANG_WARN_RANGE_LOOP_ANALYSIS = YES;
				CLANG_WARN_STRICT_PROTOTYPES = YES;
				CLANG_WARN_SUSPICIOUS_MOVE = YES;
				CLANG_WARN_UNGUARDED_AVAILABILITY = YES_AGGRESSIVE;
				CLANG_WARN_UNREACHABLE_CODE = YES;
				CLANG_WARN__DUPLICATE_METHOD_MATCH = YES;
				COPY_PHASE_STRIP = NO;
				DEBUG_INFORMATION_FORMAT = "dwarf-with-dsym";
				ENABLE_NS_ASSERTIONS = NO;
				ENABLE_STRICT_OBJC_MSGSEND = YES;
				GCC_C_LANGUAGE_STANDARD = gnu11;
				GCC_NO_COMMON_BLOCKS = YES;
				GCC_WARN_64_TO_32_BIT_CONVERSION = YES;
				GCC_WARN_ABOUT_RETURN_TYPE = YES_ERROR;
				GCC_WARN_UNDECLARED_SELECTOR = YES;
				GCC_WARN_UNINITIALIZED_AUTOS = YES_AGGRESSIVE;
				GCC_WARN_UNUSED_FUNCTION = YES;
				GCC_WARN_UNUSED_VARIABLE = YES;
				IPHONEOS_DEPLOYMENT_TARGET = 14.2;
				MTL_ENABLE_DEBUG_INFO = NO;
				MTL_FAST_MATH = YES;
				SDKROOT = iphoneos;
				SWIFT_COMPILATION_MODE = wholemodule;
				SWIFT_OPTIMIZATION_LEVEL = "-O";
				VALIDATE_PRODUCT = YES;
			};
			name = Release;
		};
		A99BB099262A40DC004D4F86 /* Debug */ = {
			isa = XCBuildConfiguration;
			baseConfigurationReference = 14E64D439E668CA8BB360329 /* Pods-Covid.debug.xcconfig */;
			buildSettings = {
				ASSETCATALOG_COMPILER_APPICON_NAME = AppIcon;
				ASSETCATALOG_COMPILER_GLOBAL_ACCENT_COLOR_NAME = AccentColor;
				CODE_SIGN_STYLE = Automatic;
				DEVELOPMENT_TEAM = 22G5JBSF3C;
				INFOPLIST_FILE = Covid/Info.plist;
				LD_RUNPATH_SEARCH_PATHS = (
					"$(inherited)",
					"@executable_path/Frameworks",
				);
				PRODUCT_BUNDLE_IDENTIFIER = com.covid.Covid;
				PRODUCT_NAME = "$(TARGET_NAME)";
				SWIFT_VERSION = 5.0;
				TARGETED_DEVICE_FAMILY = "1,2";
			};
			name = Debug;
		};
		A99BB09A262A40DC004D4F86 /* Release */ = {
			isa = XCBuildConfiguration;
			baseConfigurationReference = 8558DEEEF91900750DF1D6A4 /* Pods-Covid.release.xcconfig */;
			buildSettings = {
				ASSETCATALOG_COMPILER_APPICON_NAME = AppIcon;
				ASSETCATALOG_COMPILER_GLOBAL_ACCENT_COLOR_NAME = AccentColor;
				CODE_SIGN_STYLE = Automatic;
				DEVELOPMENT_TEAM = 22G5JBSF3C;
				INFOPLIST_FILE = Covid/Info.plist;
				LD_RUNPATH_SEARCH_PATHS = (
					"$(inherited)",
					"@executable_path/Frameworks",
				);
				PRODUCT_BUNDLE_IDENTIFIER = com.covid.Covid;
				PRODUCT_NAME = "$(TARGET_NAME)";
				SWIFT_VERSION = 5.0;
				TARGETED_DEVICE_FAMILY = "1,2";
			};
			name = Release;
		};
/* End XCBuildConfiguration section */

/* Begin XCConfigurationList section */
		A99BB07F262A40D1004D4F86 /* Build configuration list for PBXProject "Covid" */ = {
			isa = XCConfigurationList;
			buildConfigurations = (
				A99BB096262A40DC004D4F86 /* Debug */,
				A99BB097262A40DC004D4F86 /* Release */,
			);
			defaultConfigurationIsVisible = 0;
			defaultConfigurationName = Release;
		};
		A99BB098262A40DC004D4F86 /* Build configuration list for PBXNativeTarget "Covid" */ = {
			isa = XCConfigurationList;
			buildConfigurations = (
				A99BB099262A40DC004D4F86 /* Debug */,
				A99BB09A262A40DC004D4F86 /* Release */,
			);
			defaultConfigurationIsVisible = 0;
			defaultConfigurationName = Release;
		};
/* End XCConfigurationList section */
	};
	rootObject = A99BB07C262A40D1004D4F86 /* Project object */;
}
